{
  "originHash" : "95ead4d4813d3f91b615c3969792f2608571f5967347d11ccdaee71008eca033",
  "pins" : [
    {
      "identity" : "modularization-core-package",
      "kind" : "remoteSourceControl",
      "location" : "https://github.com/dennyoctavian/Modularization-Core-Package.git",
      "state" : {
        "revision" : "3cd26259d70d67a28c514471bb713d8ef8f65550",
        "version" : "1.0.0"
      }
    }
  ],
  "version" : 3
}
